
Microsoft Visual Studio Solution File, Format Version 12.00
Project("{FAE04EC0-301F-11D3-BF4B-00C04F79EFBC}") = "ExperimnetalTypeSystem", "ExperimnetalTypeSystem\ExperimnetalTypeSystem.csproj", "{B9113A8F-9E0A-4D7E-8AEA-7B7495F0C92C}"
EndProject
Global
	GlobalSection(SolutionConfigurationPlatforms) = preSolution
		Debug|Any CPU = Debug|Any CPU
		Release|Any CPU = Release|Any CPU
	EndGlobalSection
	GlobalSection(ProjectConfigurationPlatforms) = postSolution
		{B9113A8F-9E0A-4D7E-8AEA-7B7495F0C92C}.Debug|Any CPU.ActiveCfg = Debug|Any CPU
		{B9113A8F-9E0A-4D7E-8AEA-7B7495F0C92C}.Debug|Any CPU.Build.0 = Debug|Any CPU
		{B9113A8F-9E0A-4D7E-8AEA-7B7495F0C92C}.Release|Any CPU.ActiveCfg = Release|Any CPU
		{B9113A8F-9E0A-4D7E-8AEA-7B7495F0C92C}.Release|Any CPU.Build.0 = Release|Any CPU
	EndGlobalSection
EndGlobal
